// !$*UTF8*$!
{
	archiveVersion = 1;
	classes = {
	};
	objectVersion = 46;
	objects = {

/* Begin PBXBuildFile section */
		E406AD7F1EE58C880095A2CC /* AppDelegate.swift in Sources */ = {isa = PBXBuildFile; fileRef = E406AD7E1EE58C880095A2CC /* AppDelegate.swift */; };
		E406AD811EE58C880095A2CC /* ViewController.swift in Sources */ = {isa = PBXBuildFile; fileRef = E406AD801EE58C880095A2CC /* ViewController.swift */; };
		E406AD841EE58C880095A2CC /* Main.storyboard in Resources */ = {isa = PBXBuildFile; fileRef = E406AD821EE58C880095A2CC /* Main.storyboard */; };
		E406AD861EE58C880095A2CC /* Assets.xcassets in Resources */ = {isa = PBXBuildFile; fileRef = E406AD851EE58C880095A2CC /* Assets.xcassets */; };
		E406AD891EE58C880095A2CC /* LaunchScreen.storyboard in Resources */ = {isa = PBXBuildFile; fileRef = E406AD871EE58C880095A2CC /* LaunchScreen.storyboard */; };
		E406AD911EE5A0400095A2CC /* listTableViewCell.swift in Sources */ = {isa = PBXBuildFile; fileRef = E406AD901EE5A0400095A2CC /* listTableViewCell.swift */; };
/* End PBXBuildFile section */

/* Begin PBXFileReference section */
		E406AD7B1EE58C880095A2CC /* To-do.app */ = {isa = PBXFileReference; explicitFileType = wrapper.application; includeInIndex = 0; path = "To-do.app"; sourceTree = BUILT_PRODUCTS_DIR; };
		E406AD7E1EE58C880095A2CC /* AppDelegate.swift */ = {isa = PBXFileReference; lastKnownFileType = sourcecode.swift; path = AppDelegate.swift; sourceTree = "<group>"; };
		E406AD801EE58C880095A2CC /* ViewController.swift */ = {isa = PBXFileReference; lastKnownFileType = sourcecode.swift; path = ViewController.swift; sourceTree = "<group>"; };
		E406AD831EE58C880095A2CC /* Base */ = {isa = PBXFileReference; lastKnownFileType = file.storyboard; name = Base; path = Base.lproj/Main.storyboard; sourceTree = "<group>"; };
		E406AD851EE58C880095A2CC /* Assets.xcassets */ = {isa = PBXFileReference; lastKnownFileType = folder.assetcatalog; path = Assets.xcassets; sourceTree = "<group>"; };
		E406AD881EE58C880095A2CC /* Base */ = {isa = PBXFileReference; lastKnownFileType = file.storyboard; name = Base; path = Base.lproj/LaunchScreen.storyboard; sourceTree = "<group>"; };
		E406AD8A1EE58C880095A2CC /* Info.plist */ = {isa = PBXFileReference; lastKnownFileType = text.plist.xml; path = Info.plist; sourceTree = "<group>"; };
		E406AD901EE5A0400095A2CC /* listTableViewCell.swift */ = {isa = PBXFileReference; fileEncoding = 4; lastKnownFileType = sourcecode.swift; path = listTableViewCell.swift; sourceTree = "<group>"; };
/* End PBXFileReference section */

/* Begin PBXFrameworksBuildPhase section */
		E406AD781EE58C880095A2CC /* Frameworks */ = {
			isa = PBXFrameworksBuildPhase;
			buildActionMask = 2147483647;
			files = (
			);
			runOnlyForDeploymentPostprocessing = 0;
		};
/* End PBXFrameworksBuildPhase section */

/* Begin PBXGroup section */
		E406AD721EE58C880095A2CC = {
			isa = PBXGroup;
			children = (
				E406AD7D1EE58C880095A2CC /* To-do */,
				E406AD7C1EE58C880095A2CC /* Products */,
			);
			sourceTree = "<group>";
		};
		E406AD7C1EE58C880095A2CC /* Products */ = {
			isa = PBXGroup;
			children = (
				E406AD7B1EE58C880095A2CC /* To-do.app */,
			);
			name = Products;
			sourceTree = "<group>";
		};
		E406AD7D1EE58C880095A2CC /* To-do */ = {
			isa = PBXGroup;
			children = (
				E406AD7E1EE58C880095A2CC /* AppDelegate.swift */,
				E406AD801EE58C880095A2CC /* ViewController.swift */,
				E406AD821EE58C880095A2CC /* Main.storyboard */,
				E406AD901EE5A0400095A2CC /* listTableViewCell.swift */,
				E406AD851EE58C880095A2CC /* Assets.xcassets */,
				E406AD871EE58C880095A2CC /* LaunchScreen.storyboard */,
				E406AD8A1EE58C880095A2CC /* Info.plist */,
			);
			path = "To-do";
			sourceTree = "<group>";
		};
/* End PBXGroup section */

/* Begin PBXNativeTarget section */
		E406AD7A1EE58C880095A2CC /* To-do */ = {
			isa = PBXNativeTarget;
			buildConfigurationList = E406AD8D1EE58C880095A2CC /* Build configuration list for PBXNativeTarget "To-do" */;
			buildPhases = (
				E406AD771EE58C880095A2CC /* Sources */,
				E406AD781EE58C880095A2CC /* Frameworks */,
				E406AD791EE58C880095A2CC /* Resources */,
			);
			buildRules = (
			);
			dependencies = (
			);
			name = "To-do";
			productName = "To-do";
			productReference = E406AD7B1EE58C880095A2CC /* To-do.app */;
			productType = "com.apple.product-type.application";
		};
/* End PBXNativeTarget section */

/* Begin PBXProject section */
		E406AD731EE58C880095A2CC /* Project object */ = {
			isa = PBXProject;
			attributes = {
				LastSwiftUpdateCheck = 0830;
				LastUpgradeCheck = 0830;
				ORGANIZATIONNAME = vit;
				TargetAttributes = {
					E406AD7A1EE58C880095A2CC = {
						CreatedOnToolsVersion = 8.3.2;
						DevelopmentTeam = JC959F8T7E;
						ProvisioningStyle = Automatic;
					};
				};
			};
			buildConfigurationList = E406AD761EE58C880095A2CC /* Build configuration list for PBXProject "To-do" */;
			compatibilityVersion = "Xcode 3.2";
			developmentRegion = English;
			hasScannedForEncodings = 0;
			knownRegions = (
				en,
				Base,
			);
			mainGroup = E406AD721EE58C880095A2CC;
			productRefGroup = E406AD7C1EE58C880095A2CC /* Products */;
			projectDirPath = "";
			projectRoot = "";
			targets = (
				E406AD7A1EE58C880095A2CC /* To-do */,
			);
		};
/* End PBXProject section */

/* Begin PBXResourcesBuildPhase section */
		E406AD791EE58C880095A2CC /* Resources */ = {
			isa = PBXResourcesBuildPhase;
			buildActionMask = 2147483647;
			files = (
				E406AD891EE58C880095A2CC /* LaunchScreen.storyboard in Resources */,
				E406AD861EE58C880095A2CC /* Assets.xcassets in Resources */,
				E406AD841EE58C880095A2CC /* Main.storyboard in Resources */,
			);
			runOnlyForDeploymentPostprocessing = 0;
		};
/* End PBXResourcesBuildPhase section */

/* Begin PBXSourcesBuildPhase section */
		E406AD771EE58C880095A2CC /* Sources */ = {
			isa = PBXSourcesBuildPhase;
			buildActionMask = 2147483647;
			files = (
				E406AD911EE5A0400095A2CC /* listTableViewCell.swift in Sources */,
				E406AD811EE58C880095A2CC /* ViewController.swift in Sources */,
				E406AD7F1EE58C880095A2CC /* AppDelegate.swift in Sources */,
			);
			runOnlyForDeploymentPostprocessing = 0;
		};
/* End PBXSourcesBuildPhase section */

/* Begin PBXVariantGroup section */
		E406AD821EE58C880095A2CC /* Main.storyboard */ = {
			isa = PBXVariantGroup;
			children = (
				E406AD831EE58C880095A2CC /* Base */,
			);
			name = Main.storyboard;
			sourceTree = "<group>";
		};
		E406AD871EE58C880095A2CC /* LaunchScreen.storyboard */ = {
			isa = PBXVariantGroup;
			children = (
				E406AD881EE58C880095A2CC /* Base */,
			);
			name = LaunchScreen.storyboard;
			sourceTree = "<group>";
		};
/* End PBXVariantGroup section */

/* Begin XCBuildConfiguration section */
		E406AD8B1EE58C880095A2CC /* Debug */ = {
			isa = XCBuildConfiguration;
			buildSettings = {
				ALWAYS_SEARCH_USER_PATHS = NO;
				CLANG_ANALYZER_NONNULL = YES;
				CLANG_ANALYZER_NUMBER_OBJECT_CONVERSION = YES_AGGRESSIVE;
				CLANG_CXX_LANGUAGE_STANDARD = "gnu++0x";
				CLANG_CXX_LIBRARY = "libc++";
				CLANG_ENABLE_MODULES = YES;
				CLANG_ENABLE_OBJC_ARC = YES;
				CLANG_WARN_BOOL_CONVERSION = YES;
				CLANG_WARN_CONSTANT_CONVERSION = YES;
				CLANG_WARN_DIRECT_OBJC_ISA_USAGE = YES_ERROR;
				CLANG_WARN_DOCUMENTATION_COMMENTS = YES;
				CLANG_WARN_EMPTY_BODY = YES;
				CLANG_WARN_ENUM_CONVERSION = YES;
				CLANG_WARN_INFINITE_RECURSION = YES;
				CLANG_WARN_INT_CONVERSION = YES;
				CLANG_WARN_OBJC_ROOT_CLASS = YES_ERROR;
				CLANG_WARN_SUSPICIOUS_MOVE = YES;
				CLANG_WARN_UNREACHABLE_CODE = YES;
				CLANG_WARN__DUPLICATE_METHOD_MATCH = YES;
				"CODE_SIGN_IDENTITY[sdk=iphoneos*]" = "iPhone Developer";
				COPY_PHASE_STRIP = NO;
				DEBUG_INFORMATION_FORMAT = dwarf;
				ENABLE_STRICT_OBJC_MSGSEND = YES;
				ENABLE_TESTABILITY = YES;
				GCC_C_LANGUAGE_STANDARD = gnu99;
				GCC_DYNAMIC_NO_PIC = NO;
				GCC_NO_COMMON_BLOCKS = YES;
				GCC_OPTIMIZATION_LEVEL = 0;
				GCC_PREPROCESSOR_DEFINITIONS = (
					"DEBUG=1",
					"$(inherited)",
				);
				GCC_WARN_64_TO_32_BIT_CONVERSION = YES;
				GCC_WARN_ABOUT_RETURN_TYPE = YES_ERROR;
				GCC_WARN_UNDECLARED_SELECTOR = YES;
				GCC_WARN_UNINITIALIZED_AUTOS = YES_AGGRESSIVE;
				GCC_WARN_UNUSED_FUNCTION = YES;
				GCC_WARN_UNUSED_VARIABLE = YES;
				IPHONEOS_DEPLOYMENT_TARGET = 10.3;
				MTL_ENABLE_DEBUG_INFO = YES;
				ONLY_ACTIVE_ARCH = YES;
				SDKROOT = iphoneos;
				SWIFT_ACTIVE_COMPILATION_CONDITIONS = DEBUG;
				SWIFT_OPTIMIZATION_LEVEL = "-Onone";
			};
			name = Debug;
		};
		E406AD8C1EE58C880095A2CC /* Release */ = {
			isa = XCBuildConfiguration;
			buildSettings = {
				ALWAYS_SEARCH_USER_PATHS = NO;
				CLANG_ANALYZER_NONNULL = YES;
				CLANG_ANALYZER_NUMBER_OBJECT_CONVERSION = YES_AGGRESSIVE;
				CLANG_CXX_LANGUAGE_STANDARD = "gnu++0x";
				CLANG_CXX_LIBRARY = "libc++";
				CLANG_ENABLE_MODULES = YES;
				CLANG_ENABLE_OBJC_ARC = YES;
				CLANG_WARN_BOOL_CONVERSION = YES;
				CLANG_WARN_CONSTANT_CONVERSION = YES;
				CLANG_WARN_DIRECT_OBJC_ISA_USAGE = YES_ERROR;
				CLANG_WARN_DOCUMENTATION_COMMENTS = YES;
				CLANG_WARN_EMPTY_BODY = YES;
				CLANG_WARN_ENUM_CONVERSION = YES;
				CLANG_WARN_INFINITE_RECURSION = YES;
				CLANG_WARN_INT_CONVERSION = YES;
				CLANG_WARN_OBJC_ROOT_CLASS = YES_ERROR;
				CLANG_WARN_SUSPICIOUS_MOVE = YES;
				CLANG_WARN_UNREACHABLE_CODE = YES;
				CLANG_WARN__DUPLICATE_METHOD_MATCH = YES;
				"CODE_SIGN_IDENTITY[sdk=iphoneos*]" = "iPhone Developer";
				COPY_PHASE_STRIP = NO;
				DEBUG_INFORMATION_FORMAT = "dwarf-with-dsym";
				ENABLE_NS_ASSERTIONS = NO;
				ENABLE_STRICT_OBJC_MSGSEND = YES;
				GCC_C_LANGUAGE_STANDARD = gnu99;
				GCC_NO_COMMON_BLOCKS = YES;
				GCC_WARN_64_TO_32_BIT_CONVERSION = YES;
				GCC_WARN_ABOUT_RETURN_TYPE = YES_ERROR;
				GCC_WARN_UNDECLARED_SELECTOR = YES;
				GCC_WARN_UNINITIALIZED_AUTOS = YES_AGGRESSIVE;
				GCC_WARN_UNUSED_FUNCTION = YES;
				GCC_WARN_UNUSED_VARIABLE = YES;
				IPHONEOS_DEPLOYMENT_TARGET = 10.3;
				MTL_ENABLE_DEBUG_INFO = NO;
				SDKROOT = iphoneos;
				SWIFT_OPTIMIZATION_LEVEL = "-Owholemodule";
				VALIDATE_PRODUCT = YES;
			};
			name = Release;
		};
		E406AD8E1EE58C880095A2CC /* Debug */ = {
			isa = XCBuildConfiguration;
			buildSettings = {
				ASSETCATALOG_COMPILER_APPICON_NAME = AppIcon;
				DEVELOPMENT_TEAM = JC959F8T7E;
				INFOPLIST_FILE = "To-do/Info.plist";
				LD_RUNPATH_SEARCH_PATHS = "$(inherited) @executable_path/Frameworks";
				PRODUCT_BUNDLE_IDENTIFIER = "com.vit.To-do";
				PRODUCT_NAME = "$(TARGET_NAME)";
				SWIFT_VERSION = 3.0;
			};
			name = Debug;
		};
		E406AD8F1EE58C880095A2CC /* Release */ = {
			isa = XCBuildConfiguration;
			buildSettings = {
				ASSETCATALOG_COMPILER_APPICON_NAME = AppIcon;
				DEVELOPMENT_TEAM = JC959F8T7E;
				INFOPLIST_FILE = "To-do/Info.plist";
				LD_RUNPATH_SEARCH_PATHS = "$(inherited) @executable_path/Frameworks";
				PRODUCT_BUNDLE_IDENTIFIER = "com.vit.To-do";
				PRODUCT_NAME = "$(TARGET_NAME)";
				SWIFT_VERSION = 3.0;
			};
			name = Release;
		};
/* End XCBuildConfiguration section */

/* Begin XCConfigurationList section */
		E406AD761EE58C880095A2CC /* Build configuration list for PBXProject "To-do" */ = {
			isa = XCConfigurationList;
			buildConfigurations = (
				E406AD8B1EE58C880095A2CC /* Debug */,
				E406AD8C1EE58C880095A2CC /* Release */,
			);
			defaultConfigurationIsVisible = 0;
			defaultConfigurationName = Release;
		};
		E406AD8D1EE58C880095A2CC /* Build configuration list for PBXNativeTarget "To-do" */ = {
			isa = XCConfigurationList;
			buildConfigurations = (
				E406AD8E1EE58C880095A2CC /* Debug */,
				E406AD8F1EE58C880095A2CC /* Release */,
			);
			defaultConfigurationIsVisible = 0;
		};
/* End XCConfigurationList section */
	};
	rootObject = E406AD731EE58C880095A2CC /* Project object */;
}
